
Microsoft Visual Studio Solution File, Format Version 12.00
# Visual Studio Version 17
VisualStudioVersion = 17.14.37411.7 d17.14
MinimumVisualStudioVersion = 10.0.40219.1
Project("{FAE04EC0-301F-11D3-BF4B-00C04F79EFBC}") = "CoffeeShopApplication", "CoffeeShopApplication\CoffeeShopApplication.csproj", "{F6522CA8-9730-43F0-9008-ACDF36DBEDCB}"
EndProject
Global
	GlobalSection(SolutionConfigurationPlatforms) = preSolution
		Debug|Any CPU = Debug|Any CPU
		Release|Any CPU = Release|Any CPU
	EndGlobalSection
	GlobalSection(ProjectConfigurationPlatforms) = postSolution
		{F6522CA8-9730-43F0-9008-ACDF36DBEDCB}.Debug|Any CPU.ActiveCfg = Debug|Any CPU
		{F6522CA8-9730-43F0-9008-ACDF36DBEDCB}.Debug|Any CPU.Build.0 = Debug|Any CPU
		{F6522CA8-9730-43F0-9008-ACDF36DBEDCB}.Release|Any CPU.ActiveCfg = Release|Any CPU
		{F6522CA8-9730-43F0-9008-ACDF36DBEDCB}.Release|Any CPU.Build.0 = Release|Any CPU
	EndGlobalSection
	GlobalSection(SolutionProperties) = preSolution
		HideSolutionNode = FALSE
	EndGlobalSection
	GlobalSection(ExtensibilityGlobals) = postSolution
		SolutionGuid = {17CD30B2-F302-43F3-85C3-CD75F5CAD85F}
	EndGlobalSection
EndGlobal
